
Microsoft Visual Studio Solution File, Format Version 12.00
# Visual Studio Version 17
VisualStudioVersion = 17.14.37710.0 d17.14
MinimumVisualStudioVersion = 10.0.40219.1
Project("{FAE04EC0-301F-11D3-BF4B-00C04F79EFBC}") = "Test Average", "Test Average\Test Average.csproj", "{0E55ED8D-7A92-42AD-A4F5-D240061C9CAE}"
EndProject
Global
	GlobalSection(SolutionConfigurationPlatforms) = preSolution
		Debug|Any CPU = Debug|Any CPU
		Release|Any CPU = Release|Any CPU
	EndGlobalSection
	GlobalSection(ProjectConfigurationPlatforms) = postSolution
		{0E55ED8D-7A92-42AD-A4F5-D240061C9CAE}.Debug|Any CPU.ActiveCfg = Debug|Any CPU
		{0E55ED8D-7A92-42AD-A4F5-D240061C9CAE}.Debug|Any CPU.Build.0 = Debug|Any CPU
		{0E55ED8D-7A92-42AD-A4F5-D240061C9CAE}.Release|Any CPU.ActiveCfg = Release|Any CPU
		{0E55ED8D-7A92-42AD-A4F5-D240061C9CAE}.Release|Any CPU.Build.0 = Release|Any CPU
	EndGlobalSection
	GlobalSection(SolutionProperties) = preSolution
		HideSolutionNode = FALSE
	EndGlobalSection
	GlobalSection(ExtensibilityGlobals) = postSolution
		SolutionGuid = {822E5EED-E9A0-44F6-8439-3CAB55A1BEBB}
	EndGlobalSection
EndGlobal
