
Microsoft Visual Studio Solution File, Format Version 12.00
# Visual Studio Version 17
VisualStudioVersion = 17.14.37710.0 d17.14
MinimumVisualStudioVersion = 10.0.40219.1
Project("{FAE04EC0-301F-11D3-BF4B-00C04F79EFBC}") = "HotelBooking", "HotelBooking\HotelBooking.csproj", "{84047A13-E2E3-45C6-ABD5-FE583BFA2B01}"
EndProject
Global
	GlobalSection(SolutionConfigurationPlatforms) = preSolution
		Debug|Any CPU = Debug|Any CPU
		Release|Any CPU = Release|Any CPU
	EndGlobalSection
	GlobalSection(ProjectConfigurationPlatforms) = postSolution
		{84047A13-E2E3-45C6-ABD5-FE583BFA2B01}.Debug|Any CPU.ActiveCfg = Debug|Any CPU
		{84047A13-E2E3-45C6-ABD5-FE583BFA2B01}.Debug|Any CPU.Build.0 = Debug|Any CPU
		{84047A13-E2E3-45C6-ABD5-FE583BFA2B01}.Release|Any CPU.ActiveCfg = Release|Any CPU
		{84047A13-E2E3-45C6-ABD5-FE583BFA2B01}.Release|Any CPU.Build.0 = Release|Any CPU
	EndGlobalSection
	GlobalSection(SolutionProperties) = preSolution
		HideSolutionNode = FALSE
	EndGlobalSection
	GlobalSection(ExtensibilityGlobals) = postSolution
		SolutionGuid = {537F89E1-C63D-44B3-B2A8-380B0CE03A29}
	EndGlobalSection
EndGlobal
